
Microsoft Visual Studio Solution File, Format Version 11.00
# Visual C# Express 2010
Project("{FAE04EC0-301F-11D3-BF4B-00C04F79EFBC}") = "numberguesser", "numberguesser\numberguesser.csproj", "{125883E7-3D52-48A7-8AFF-5491194B322B}"
EndProject
Global
	GlobalSection(SolutionConfigurationPlatforms) = preSolution
		Debug|x86 = Debug|x86
		Release|x86 = Release|x86
	EndGlobalSection
	GlobalSection(ProjectConfigurationPlatforms) = postSolution
		{125883E7-3D52-48A7-8AFF-5491194B322B}.Debug|x86.ActiveCfg = Debug|x86
		{125883E7-3D52-48A7-8AFF-5491194B322B}.Debug|x86.Build.0 = Debug|x86
		{125883E7-3D52-48A7-8AFF-5491194B322B}.Release|x86.ActiveCfg = Release|x86
		{125883E7-3D52-48A7-8AFF-5491194B322B}.Release|x86.Build.0 = Release|x86
	EndGlobalSection
	GlobalSection(SolutionProperties) = preSolution
		HideSolutionNode = FALSE
	EndGlobalSection
EndGlobal
